{
  "name": "server",
  "version": "1.0.0",
  "lockfileVersion": 3,
  "requires": true,
  "packages": {
    "": {
      "name": "server",
      "version": "1.0.0",
      "license": "ISC",
      "dependencies": {
        "luxon": "^3.6.1",
        "node-cron": "^4.1.1"
      }
    },
    "node_modules/luxon": {
      "version": "3.6.1",
      "resolved": "https://registry.npmjs.org/luxon/-/luxon-3.6.1.tgz",
      "integrity": "sha512-tJLxrKJhO2ukZ5z0gyjY1zPh3Rh88Ej9P7jNrZiHMUXHae1yvI2imgOZtL1TO8TW6biMMKfTtAOoEJANgtWBMQ==",
      "license": "MIT",
      "engines": {
        "node": ">=12"
      }
    },
    "node_modules/node-cron": {
      "version": "4.1.1",
      "resolved": "https://registry.npmjs.org/node-cron/-/node-cron-4.1.1.tgz",
      "integrity": "sha512-oJj9CYV7teeCVs+y2Efi5IQ4FGmAYbsXQOehc1AGLlwteec8pC7DjBCUzSyRQ0LYa+CRCgmD+vtlWQcnPpXowA==",
      "license": "ISC",
      "engines": {
        "node": ">=6.0.0"
      }
    }
  }
}
